
Microsoft Visual Studio Solution File, Format Version 12.00
# Visual Studio Version 16
VisualStudioVersion = 16.0.28729.10
MinimumVisualStudioVersion = 10.0.40219.1
Project("{9A19103F-16F7-4668-BE54-9A1E7A4F7556}") = "app", "app\app.csproj", "{522CE9E1-278C-4E0B-AD0A-DBC1B87F72E6}"
EndProject
Project("{9A19103F-16F7-4668-BE54-9A1E7A4F7556}") = "Laravel.Sdk", "Laravel.Sdk\Laravel.Sdk.csproj", "{4C16B482-2426-4010-81E5-A1C182274B1C}"
EndProject
Project("{9A19103F-16F7-4668-BE54-9A1E7A4F7556}") = "Laravel.AspNetCore", "Laravel.AspNetCore\Laravel.AspNetCore.csproj", "{E5E6A871-8E82-447C-AA63-BBA4D5C38497}"
EndProject
Project("{13B669BE-BB05-4DDF-9536-439F39A36129}") = "Laravel", "Laravel\Laravel.msbuildproj", "{2DC6323F-0F1C-4244-A978-696BB905BBE8}"
EndProject
Project("{13B669BE-BB05-4DDF-9536-439F39A36129}") = "website", "website\website.msbuildproj", "{6F6646B2-D685-400C-A6C9-C452D320FDF5}"
EndProject
Project("{13B669BE-BB05-4DDF-9536-439F39A36129}") = "Laravel.Tests", "Laravel\Laravel.Tests.msbuildproj", "{09A46739-2080-49D6-A213-504BAFF3C200}"
EndProject
Global
	GlobalSection(SolutionConfigurationPlatforms) = preSolution
		Debug|Any CPU = Debug|Any CPU
		Release|Any CPU = Release|Any CPU
	EndGlobalSection
	GlobalSection(ProjectConfigurationPlatforms) = postSolution
		{522CE9E1-278C-4E0B-AD0A-DBC1B87F72E6}.Debug|Any CPU.ActiveCfg = Debug|Any CPU
		{522CE9E1-278C-4E0B-AD0A-DBC1B87F72E6}.Debug|Any CPU.Build.0 = Debug|Any CPU
		{522CE9E1-278C-4E0B-AD0A-DBC1B87F72E6}.Release|Any CPU.ActiveCfg = Release|Any CPU
		{522CE9E1-278C-4E0B-AD0A-DBC1B87F72E6}.Release|Any CPU.Build.0 = Release|Any CPU
		{4C16B482-2426-4010-81E5-A1C182274B1C}.Debug|Any CPU.ActiveCfg = Debug|Any CPU
		{4C16B482-2426-4010-81E5-A1C182274B1C}.Debug|Any CPU.Build.0 = Debug|Any CPU
		{4C16B482-2426-4010-81E5-A1C182274B1C}.Release|Any CPU.ActiveCfg = Release|Any CPU
		{4C16B482-2426-4010-81E5-A1C182274B1C}.Release|Any CPU.Build.0 = Release|Any CPU
		{E5E6A871-8E82-447C-AA63-BBA4D5C38497}.Debug|Any CPU.ActiveCfg = Debug|Any CPU
		{E5E6A871-8E82-447C-AA63-BBA4D5C38497}.Debug|Any CPU.Build.0 = Debug|Any CPU
		{E5E6A871-8E82-447C-AA63-BBA4D5C38497}.Release|Any CPU.ActiveCfg = Release|Any CPU
		{E5E6A871-8E82-447C-AA63-BBA4D5C38497}.Release|Any CPU.Build.0 = Release|Any CPU
		{2DC6323F-0F1C-4244-A978-696BB905BBE8}.Debug|Any CPU.ActiveCfg = Debug|Any CPU
		{2DC6323F-0F1C-4244-A978-696BB905BBE8}.Debug|Any CPU.Build.0 = Debug|Any CPU
		{2DC6323F-0F1C-4244-A978-696BB905BBE8}.Release|Any CPU.ActiveCfg = Release|Any CPU
		{2DC6323F-0F1C-4244-A978-696BB905BBE8}.Release|Any CPU.Build.0 = Release|Any CPU
		{6F6646B2-D685-400C-A6C9-C452D320FDF5}.Debug|Any CPU.ActiveCfg = Debug|Any CPU
		{6F6646B2-D685-400C-A6C9-C452D320FDF5}.Debug|Any CPU.Build.0 = Debug|Any CPU
		{6F6646B2-D685-400C-A6C9-C452D320FDF5}.Release|Any CPU.ActiveCfg = Release|Any CPU
		{6F6646B2-D685-400C-A6C9-C452D320FDF5}.Release|Any CPU.Build.0 = Release|Any CPU
		{09A46739-2080-49D6-A213-504BAFF3C200}.Debug|Any CPU.ActiveCfg = Debug|Any CPU
		{09A46739-2080-49D6-A213-504BAFF3C200}.Debug|Any CPU.Build.0 = Debug|Any CPU
		{09A46739-2080-49D6-A213-504BAFF3C200}.Release|Any CPU.ActiveCfg = Release|Any CPU
		{09A46739-2080-49D6-A213-504BAFF3C200}.Release|Any CPU.Build.0 = Release|Any CPU
	EndGlobalSection
	GlobalSection(SolutionProperties) = preSolution
		HideSolutionNode = FALSE
	EndGlobalSection
	GlobalSection(ExtensibilityGlobals) = postSolution
		SolutionGuid = {E5A207A4-7E0D-4BEA-AFD1-066B60FCFAA5}
	EndGlobalSection
EndGlobal
