{
    "_readme": [
        "This file locks the dependencies of your project to a known state",
        "Read more about it at https://getcomposer.org/doc/01-basic-usage.md#installing-dependencies",
        "This file is @generated automatically"
    ],
    "content-hash": "868cebca40783f570efa34035ba38929",
    "packages": [
        {
            "name": "barryvdh/laravel-ide-helper",
            "version": "v2.6.2",
            "source": {
                "type": "git",
                "url": "https://github.com/barryvdh/laravel-ide-helper.git",
                "reference": "39c148ad4273f5b8c49d0a363ddbc0462f1f2eec"
            },
            "dist": {
                "type": "zip",
                "url": "https://api.github.com/repos/barryvdh/laravel-ide-helper/zipball/39c148ad4273f5b8c49d0a363ddbc0462f1f2eec",
                "reference": "39c148ad4273f5b8c49d0a363ddbc0462f1f2eec",
                "shasum": ""
            },
            "require": {
                "barryvdh/reflection-docblock": "^2.0.6",
                "composer/composer": "^1.6",
                "illuminate/console": "^5.5,<5.9",
                "illuminate/filesystem": "^5.5,<5.9",
                "illuminate/support": "^5.5,<5.9",
                "php": ">=7"
            },
            "require-dev": {
                "doctrine/dbal": "~2.3",
                "illuminate/config": "^5.1,<5.9",
                "illuminate/view": "^5.1,<5.9",
                "phpro/grumphp": "^0.14",
                "phpunit/phpunit": "4.*",
                "scrutinizer/ocular": "~1.1",
                "squizlabs/php_codesniffer": "^3"
            },
            "suggest": {
                "doctrine/dbal": "Load information from the database about models for phpdocs (~2.3)"
            },
            "type": "library",
            "extra": {
                "branch-alias": {
                    "dev-master": "2.6-dev"
                },
                "laravel": {
                    "providers": [
                        "Barryvdh\\LaravelIdeHelper\\IdeHelperServiceProvider"
                    ]
                }
            },
            "autoload": {
                "psr-4": {
                    "Barryvdh\\LaravelIdeHelper\\": "src"
                }
            },
            "notification-url": "https://packagist.org/downloads/",
            "license": [
                "MIT"
            ],
            "authors": [
                {
                    "name": "Barry vd. Heuvel",
                    "email": "barryvdh@gmail.com"
                }
            ],
            "description": "Laravel IDE Helper, generates correct PHPDocs for all Facade classes, to improve auto-completion.",
            "keywords": [
                "autocomplete",
                "codeintel",
                "helper",
                "ide",
                "laravel",
                "netbeans",
                "phpdoc",
                "phpstorm",
                "sublime"
            ],
            "time": "2019-03-26T10:38:22+00:00"
        },
        {
            "name": "barryvdh/reflection-docblock",
            "version": "v2.0.6",
            "source": {
                "type": "git",
                "url": "https://github.com/barryvdh/ReflectionDocBlock.git",
                "reference": "6b69015d83d3daf9004a71a89f26e27d27ef6a16"
            },
            "dist": {
                "type": "zip",
                "url": "https://api.github.com/repos/barryvdh/ReflectionDocBlock/zipball/6b69015d83d3daf9004a71a89f26e27d27ef6a16",
                "reference": "6b69015d83d3daf9004a71a89f26e27d27ef6a16",
                "shasum": ""
            },
            "require": {
                "php": ">=5.3.3"
            },
            "require-dev": {
                "phpunit/phpunit": "~4.0,<4.5"
            },
            "suggest": {
                "dflydev/markdown": "~1.0",
                "erusev/parsedown": "~1.0"
            },
            "type": "library",
            "extra": {
                "branch-alias": {
                    "dev-master": "2.0.x-dev"
                }
            },
            "autoload": {
                "psr-0": {
                    "Barryvdh": [
                        "src/"
                    ]
                }
            },
            "notification-url": "https://packagist.org/downloads/",
            "license": [
                "MIT"
            ],
            "authors": [
                {
                    "name": "Mike van Riel",
                    "email": "mike.vanriel@naenius.com"
                }
            ],
            "time": "2018-12-13T10:34:14+00:00"
        },
        {
            "name": "calvinbaart/laravel-sdk",
            "version": "dev-feature/laravel-sdk",
            "dist": {
                "type": "path",
                "url": "../Laravel.ComposerDummy",
                "reference": "19680cea3a152c54230d5bd88029d8a7990be0f8"
            },
            "require": {
                "php": "^7.1.3"
            },
            "replace": {
                "doctrine/inflector": "v1.3.0",
                "doctrine/lexer": "1.1.0",
                "dragonmantank/cron-expression": "v2.3.0",
                "egulias/email-validator": "2.1.11",
                "erusev/parsedown": "1.7.3",
                "fideloper/proxy": "4.2.0",
                "illuminate/auth": "v5.8.32",
                "illuminate/broadcasting": "v5.8.32",
                "illuminate/bus": "v5.8.32",
                "illuminate/cache": "v5.8.32",
                "illuminate/config": "v5.8.32",
                "illuminate/console": "v5.8.32",
                "illuminate/container": "v5.8.32",
                "illuminate/contracts": "v5.8.32",
                "illuminate/cookie": "v5.8.32",
                "illuminate/database": "v5.8.32",
                "illuminate/encryption": "v5.8.32",
                "illuminate/events": "v5.8.32",
                "illuminate/filesystem": "v5.8.32",
                "illuminate/hashing": "v5.8.32",
                "illuminate/http": "v5.8.32",
                "illuminate/log": "v5.8.32",
                "illuminate/mail": "v5.8.32",
                "illuminate/notifications": "v5.8.32",
                "illuminate/pagination": "v5.8.32",
                "illuminate/pipeline": "v5.8.32",
                "illuminate/queue": "v5.8.32",
                "illuminate/redis": "v5.8.32",
                "illuminate/routing": "v5.8.32",
                "illuminate/session": "v5.8.32",
                "illuminate/support": "v5.8.32",
                "illuminate/translation": "v5.8.32",
                "illuminate/validation": "v5.8.32",
                "illuminate/view": "v5.8.32",
                "jeremeamia/superclosure": "2.4.0",
                "laravel/framework": "v5.8.32",
                "league/flysystem": "1.0.53",
                "monolog/monolog": "1.24.0",
                "nesbot/carbon": "2.22.3",
                "nikic/php-parser": "v4.2.3",
                "opis/closure": "3.3.1",
                "paragonie/random_compat": "v9.99.99",
                "phpoption/phpoption": "1.5.0",
                "psr/cache": "1.0.1",
                "psr/container": "1.0.0",
                "psr/event-dispatcher": "1.0.0",
                "psr/log": "1.1.0",
                "psr/simple-cache": "1.0.1",
                "ramsey/uuid": "3.8.0",
                "swiftmailer/swiftmailer": "v6.2.1",
                "symfony/cache": "v4.3.3",
                "symfony/cache-contracts": "v1.1.5",
                "symfony/config": "v4.3.3",
                "symfony/console": "v4.3.3",
                "symfony/css-selector": "v4.3.3",
                "symfony/debug": "v4.3.3",
                "symfony/dependency-injection": "v4.3.3",
                "symfony/event-dispatcher": "v4.3.3",
                "symfony/event-dispatcher-contracts": "v1.1.5",
                "symfony/expression-language": "v4.3.3",
                "symfony/filesystem": "v4.3.3",
                "symfony/finder": "v4.3.3",
                "symfony/http-foundation": "v4.3.3",
                "symfony/http-kernel": "v4.3.3",
                "symfony/mime": "v4.3.3",
                "symfony/polyfill-ctype": "v1.12.0",
                "symfony/polyfill-iconv": "v1.12.0",
                "symfony/polyfill-intl-idn": "v1.12.0",
                "symfony/polyfill-mbstring": "v1.12.0",
                "symfony/polyfill-php56": "v1.12.0",
                "symfony/polyfill-php72": "v1.12.0",
                "symfony/polyfill-php73": "v1.12.0",
                "symfony/polyfill-util": "v1.12.0",
                "symfony/process": "v4.3.3",
                "symfony/routing": "v4.3.3",
                "symfony/service-contracts": "v1.1.5",
                "symfony/translation": "v4.3.3",
                "symfony/translation-contracts": "v1.1.5",
                "symfony/var-dumper": "v4.3.3",
                "symfony/var-exporter": "v4.3.3",
                "tijsverkoyen/css-to-inline-styles": "2.2.1",
                "vlucas/phpdotenv": "v3.4.0"
            },
            "type": "project",
            "license": [
                "MIT"
            ],
            "description": "The Laravel Framework for PeachPie.",
            "keywords": [
                "dotnet",
                "framework",
                "laravel",
                "peachpie"
            ]
        },
        {
            "name": "composer/ca-bundle",
            "version": "1.2.3",
            "source": {
                "type": "git",
                "url": "https://github.com/composer/ca-bundle.git",
                "reference": "f26a67e397be0e5c00d7c52ec7b5010098e15ce5"
            },
            "dist": {
                "type": "zip",
                "url": "https://api.github.com/repos/composer/ca-bundle/zipball/f26a67e397be0e5c00d7c52ec7b5010098e15ce5",
                "reference": "f26a67e397be0e5c00d7c52ec7b5010098e15ce5",
                "shasum": ""
            },
            "require": {
                "ext-openssl": "*",
                "ext-pcre": "*",
                "php": "^5.3.2 || ^7.0 || ^8.0"
            },
            "require-dev": {
                "phpunit/phpunit": "^4.8.35 || ^5.7 || 6.5 - 8",
                "psr/log": "^1.0",
                "symfony/process": "^2.5 || ^3.0 || ^4.0"
            },
            "type": "library",
            "extra": {
                "branch-alias": {
                    "dev-master": "1.x-dev"
                }
            },
            "autoload": {
                "psr-4": {
                    "Composer\\CaBundle\\": "src"
                }
            },
            "notification-url": "https://packagist.org/downloads/",
            "license": [
                "MIT"
            ],
            "authors": [
                {
                    "name": "Jordi Boggiano",
                    "email": "j.boggiano@seld.be",
                    "homepage": "http://seld.be"
                }
            ],
            "description": "Lets you find a path to the system CA bundle, and includes a fallback to the Mozilla CA bundle.",
            "keywords": [
                "cabundle",
                "cacert",
                "certificate",
                "ssl",
                "tls"
            ],
            "time": "2019-08-02T09:05:43+00:00"
        },
        {
            "name": "composer/composer",
            "version": "1.9.0",
            "source": {
                "type": "git",
                "url": "https://github.com/composer/composer.git",
                "reference": "314aa57fdcfc942065996f59fb73a8b3f74f3fa5"
            },
            "dist": {
                "type": "zip",
                "url": "https://api.github.com/repos/composer/composer/zipball/314aa57fdcfc942065996f59fb73a8b3f74f3fa5",
                "reference": "314aa57fdcfc942065996f59fb73a8b3f74f3fa5",
                "shasum": ""
            },
            "require": {
                "composer/ca-bundle": "^1.0",
                "composer/semver": "^1.0",
                "composer/spdx-licenses": "^1.2",
                "composer/xdebug-handler": "^1.1",
                "justinrainbow/json-schema": "^3.0 || ^4.0 || ^5.0",
                "php": "^5.3.2 || ^7.0",
                "psr/log": "^1.0",
                "seld/jsonlint": "^1.4",
                "seld/phar-utils": "^1.0",
                "symfony/console": "^2.7 || ^3.0 || ^4.0",
                "symfony/filesystem": "^2.7 || ^3.0 || ^4.0",
                "symfony/finder": "^2.7 || ^3.0 || ^4.0",
                "symfony/process": "^2.7 || ^3.0 || ^4.0"
            },
            "conflict": {
                "symfony/console": "2.8.38"
            },
            "require-dev": {
                "phpunit/phpunit": "^4.8.35 || ^5.7",
                "phpunit/phpunit-mock-objects": "^2.3 || ^3.0"
            },
            "suggest": {
                "ext-openssl": "Enabling the openssl extension allows you to access https URLs for repositories and packages",
                "ext-zip": "Enabling the zip extension allows you to unzip archives",
                "ext-zlib": "Allow gzip compression of HTTP requests"
            },
            "bin": [
                "bin/composer"
            ],
            "type": "library",
            "extra": {
                "branch-alias": {
                    "dev-master": "1.9-dev"
                }
            },
            "autoload": {
                "psr-4": {
                    "Composer\\": "src/Composer"
                }
            },
            "notification-url": "https://packagist.org/downloads/",
            "license": [
                "MIT"
            ],
            "authors": [
                {
                    "name": "Nils Adermann",
                    "email": "naderman@naderman.de",
                    "homepage": "http://www.naderman.de"
                },
                {
                    "name": "Jordi Boggiano",
                    "email": "j.boggiano@seld.be",
                    "homepage": "http://seld.be"
                }
            ],
            "description": "Composer helps you declare, manage and install dependencies of PHP projects. It ensures you have the right stack everywhere.",
            "homepage": "https://getcomposer.org/",
            "keywords": [
                "autoload",
                "dependency",
                "package"
            ],
            "time": "2019-08-02T18:55:33+00:00"
        },
        {
            "name": "composer/semver",
            "version": "1.5.0",
            "source": {
                "type": "git",
                "url": "https://github.com/composer/semver.git",
                "reference": "46d9139568ccb8d9e7cdd4539cab7347568a5e2e"
            },
            "dist": {
                "type": "zip",
                "url": "https://api.github.com/repos/composer/semver/zipball/46d9139568ccb8d9e7cdd4539cab7347568a5e2e",
                "reference": "46d9139568ccb8d9e7cdd4539cab7347568a5e2e",
                "shasum": ""
            },
            "require": {
                "php": "^5.3.2 || ^7.0"
            },
            "require-dev": {
                "phpunit/phpunit": "^4.5 || ^5.0.5",
                "phpunit/phpunit-mock-objects": "2.3.0 || ^3.0"
            },
            "type": "library",
            "extra": {
                "branch-alias": {
                    "dev-master": "1.x-dev"
                }
            },
            "autoload": {
                "psr-4": {
                    "Composer\\Semver\\": "src"
                }
            },
            "notification-url": "https://packagist.org/downloads/",
            "license": [
                "MIT"
            ],
            "authors": [
                {
                    "name": "Nils Adermann",
                    "email": "naderman@naderman.de",
                    "homepage": "http://www.naderman.de"
                },
                {
                    "name": "Jordi Boggiano",
                    "email": "j.boggiano@seld.be",
                    "homepage": "http://seld.be"
                },
                {
                    "name": "Rob Bast",
                    "email": "rob.bast@gmail.com",
                    "homepage": "http://robbast.nl"
                }
            ],
            "description": "Semver library that offers utilities, version constraint parsing and validation.",
            "keywords": [
                "semantic",
                "semver",
                "validation",
                "versioning"
            ],
            "time": "2019-03-19T17:25:45+00:00"
        },
        {
            "name": "composer/spdx-licenses",
            "version": "1.5.2",
            "source": {
                "type": "git",
                "url": "https://github.com/composer/spdx-licenses.git",
                "reference": "7ac1e6aec371357df067f8a688c3d6974df68fa5"
            },
            "dist": {
                "type": "zip",
                "url": "https://api.github.com/repos/composer/spdx-licenses/zipball/7ac1e6aec371357df067f8a688c3d6974df68fa5",
                "reference": "7ac1e6aec371357df067f8a688c3d6974df68fa5",
                "shasum": ""
            },
            "require": {
                "php": "^5.3.2 || ^7.0 || ^8.0"
            },
            "require-dev": {
                "phpunit/phpunit": "^4.8.35 || ^5.7 || 6.5 - 7"
            },
            "type": "library",
            "extra": {
                "branch-alias": {
                    "dev-master": "1.x-dev"
                }
            },
            "autoload": {
                "psr-4": {
                    "Composer\\Spdx\\": "src"
                }
            },
            "notification-url": "https://packagist.org/downloads/",
            "license": [
                "MIT"
            ],
            "authors": [
                {
                    "name": "Nils Adermann",
                    "email": "naderman@naderman.de",
                    "homepage": "http://www.naderman.de"
                },
                {
                    "name": "Jordi Boggiano",
                    "email": "j.boggiano@seld.be",
                    "homepage": "http://seld.be"
                },
                {
                    "name": "Rob Bast",
                    "email": "rob.bast@gmail.com",
                    "homepage": "http://robbast.nl"
                }
            ],
            "description": "SPDX licenses list and validation library.",
            "keywords": [
                "license",
                "spdx",
                "validator"
            ],
            "time": "2019-07-29T10:31:59+00:00"
        },
        {
            "name": "composer/xdebug-handler",
            "version": "1.3.3",
            "source": {
                "type": "git",
                "url": "https://github.com/composer/xdebug-handler.git",
                "reference": "46867cbf8ca9fb8d60c506895449eb799db1184f"
            },
            "dist": {
                "type": "zip",
                "url": "https://api.github.com/repos/composer/xdebug-handler/zipball/46867cbf8ca9fb8d60c506895449eb799db1184f",
                "reference": "46867cbf8ca9fb8d60c506895449eb799db1184f",
                "shasum": ""
            },
            "require": {
                "php": "^5.3.2 || ^7.0",
                "psr/log": "^1.0"
            },
            "require-dev": {
                "phpunit/phpunit": "^4.8.35 || ^5.7 || ^6.5"
            },
            "type": "library",
            "autoload": {
                "psr-4": {
                    "Composer\\XdebugHandler\\": "src"
                }
            },
            "notification-url": "https://packagist.org/downloads/",
            "license": [
                "MIT"
            ],
            "authors": [
                {
                    "name": "John Stevenson",
                    "email": "john-stevenson@blueyonder.co.uk"
                }
            ],
            "description": "Restarts a process without xdebug.",
            "keywords": [
                "Xdebug",
                "performance"
            ],
            "time": "2019-05-27T17:52:04+00:00"
        },
        {
            "name": "justinrainbow/json-schema",
            "version": "5.2.8",
            "source": {
                "type": "git",
                "url": "https://github.com/justinrainbow/json-schema.git",
                "reference": "dcb6e1006bb5fd1e392b4daa68932880f37550d4"
            },
            "dist": {
                "type": "zip",
                "url": "https://api.github.com/repos/justinrainbow/json-schema/zipball/dcb6e1006bb5fd1e392b4daa68932880f37550d4",
                "reference": "dcb6e1006bb5fd1e392b4daa68932880f37550d4",
                "shasum": ""
            },
            "require": {
                "php": ">=5.3.3"
            },
            "require-dev": {
                "friendsofphp/php-cs-fixer": "~2.2.20",
                "json-schema/json-schema-test-suite": "1.2.0",
                "phpunit/phpunit": "^4.8.35"
            },
            "bin": [
                "bin/validate-json"
            ],
            "type": "library",
            "extra": {
                "branch-alias": {
                    "dev-master": "5.0.x-dev"
                }
            },
            "autoload": {
                "psr-4": {
                    "JsonSchema\\": "src/JsonSchema/"
                }
            },
            "notification-url": "https://packagist.org/downloads/",
            "license": [
                "MIT"
            ],
            "authors": [
                {
                    "name": "Bruno Prieto Reis",
                    "email": "bruno.p.reis@gmail.com"
                },
                {
                    "name": "Justin Rainbow",
                    "email": "justin.rainbow@gmail.com"
                },
                {
                    "name": "Igor Wiedler",
                    "email": "igor@wiedler.ch"
                },
                {
                    "name": "Robert Schönthal",
                    "email": "seroscho@googlemail.com"
                }
            ],
            "description": "A library to validate a json schema.",
            "homepage": "https://github.com/justinrainbow/json-schema",
            "keywords": [
                "json",
                "schema"
            ],
            "time": "2019-01-14T23:55:14+00:00"
        },
        {
            "name": "seld/jsonlint",
            "version": "1.7.1",
            "source": {
                "type": "git",
                "url": "https://github.com/Seldaek/jsonlint.git",
                "reference": "d15f59a67ff805a44c50ea0516d2341740f81a38"
            },
            "dist": {
                "type": "zip",
                "url": "https://api.github.com/repos/Seldaek/jsonlint/zipball/d15f59a67ff805a44c50ea0516d2341740f81a38",
                "reference": "d15f59a67ff805a44c50ea0516d2341740f81a38",
                "shasum": ""
            },
            "require": {
                "php": "^5.3 || ^7.0"
            },
            "require-dev": {
                "phpunit/phpunit": "^4.8.35 || ^5.7 || ^6.0"
            },
            "bin": [
                "bin/jsonlint"
            ],
            "type": "library",
            "autoload": {
                "psr-4": {
                    "Seld\\JsonLint\\": "src/Seld/JsonLint/"
                }
            },
            "notification-url": "https://packagist.org/downloads/",
            "license": [
                "MIT"
            ],
            "authors": [
                {
                    "name": "Jordi Boggiano",
                    "email": "j.boggiano@seld.be",
                    "homepage": "http://seld.be"
                }
            ],
            "description": "JSON Linter",
            "keywords": [
                "json",
                "linter",
                "parser",
                "validator"
            ],
            "time": "2018-01-24T12:46:19+00:00"
        },
        {
            "name": "seld/phar-utils",
            "version": "1.0.1",
            "source": {
                "type": "git",
                "url": "https://github.com/Seldaek/phar-utils.git",
                "reference": "7009b5139491975ef6486545a39f3e6dad5ac30a"
            },
            "dist": {
                "type": "zip",
                "url": "https://api.github.com/repos/Seldaek/phar-utils/zipball/7009b5139491975ef6486545a39f3e6dad5ac30a",
                "reference": "7009b5139491975ef6486545a39f3e6dad5ac30a",
                "shasum": ""
            },
            "require": {
                "php": ">=5.3"
            },
            "type": "library",
            "extra": {
                "branch-alias": {
                    "dev-master": "1.x-dev"
                }
            },
            "autoload": {
                "psr-4": {
                    "Seld\\PharUtils\\": "src/"
                }
            },
            "notification-url": "https://packagist.org/downloads/",
            "license": [
                "MIT"
            ],
            "authors": [
                {
                    "name": "Jordi Boggiano",
                    "email": "j.boggiano@seld.be"
                }
            ],
            "description": "PHAR file format utilities, for when PHP phars you up",
            "keywords": [
                "phra"
            ],
            "time": "2015-10-13T18:44:15+00:00"
        }
    ],
    "packages-dev": [],
    "aliases": [],
    "minimum-stability": "dev",
    "stability-flags": [],
    "prefer-stable": true,
    "prefer-lowest": false,
    "platform": {
        "php": "^7.1.3"
    },
    "platform-dev": []
}
